
Microsoft Visual Studio Solution File, Format Version 12.00
# Visual Studio 15
VisualStudioVersion = 15.0.27703.2035
MinimumVisualStudioVersion = 10.0.40219.1
Project("{FAE04EC0-301F-11D3-BF4B-00C04F79EFBC}") = "Inventory", "Inventory\Inventory.csproj", "{10B40FF5-B579-436D-BB79-9B2E850073D8}"
EndProject
Global
	GlobalSection(SolutionConfigurationPlatforms) = preSolution
		Debug|Any CPU = Debug|Any CPU
		Release|Any CPU = Release|Any CPU
	EndGlobalSection
	GlobalSection(ProjectConfigurationPlatforms) = postSolution
		{10B40FF5-B579-436D-BB79-9B2E850073D8}.Debug|Any CPU.ActiveCfg = Debug|Any CPU
		{10B40FF5-B579-436D-BB79-9B2E850073D8}.Debug|Any CPU.Build.0 = Debug|Any CPU
		{10B40FF5-B579-436D-BB79-9B2E850073D8}.Release|Any CPU.ActiveCfg = Release|Any CPU
		{10B40FF5-B579-436D-BB79-9B2E850073D8}.Release|Any CPU.Build.0 = Release|Any CPU
	EndGlobalSection
	GlobalSection(SolutionProperties) = preSolution
		HideSolutionNode = FALSE
	EndGlobalSection
	GlobalSection(ExtensibilityGlobals) = postSolution
		SolutionGuid = {0A829731-62E0-4DB8-AFF1-135F9B830035}
	EndGlobalSection
EndGlobal
